Microsoft Visual Studio Solution File, Format Version 12.00
# Visual Studio Version 17
VisualStudioVersion = 17.5.2.0
MinimumVisualStudioVersion = 10.0.40219.1
Project("{FAE04EC0-301F-11D3-BF4B-00C04F79EFBC}") = "CodeAIToolsUI", "CodeAIToolsUI.csproj", "{03C44F98-BF3D-433A-142D-686FEE464CFF}"
EndProject
Global
	GlobalSection(SolutionConfigurationPlatforms) = preSolution
		Debug|Any CPU = Debug|Any CPU
		Release|Any CPU = Release|Any CPU
	EndGlobalSection
	GlobalSection(ProjectConfigurationPlatforms) = postSolution
		{03C44F98-BF3D-433A-142D-686FEE464CFF}.Debug|Any CPU.ActiveCfg = Debug|Any CPU
		{03C44F98-BF3D-433A-142D-686FEE464CFF}.Debug|Any CPU.Build.0 = Debug|Any CPU
		{03C44F98-BF3D-433A-142D-686FEE464CFF}.Release|Any CPU.ActiveCfg = Release|Any CPU
		{03C44F98-BF3D-433A-142D-686FEE464CFF}.Release|Any CPU.Build.0 = Release|Any CPU
	EndGlobalSection
	GlobalSection(SolutionProperties) = preSolution
		HideSolutionNode = FALSE
	EndGlobalSection
	GlobalSection(ExtensibilityGlobals) = postSolution
		SolutionGuid = {F71003C8-14DD-4DA4-93C4-9C1ED1228DF1}
	EndGlobalSection
EndGlobal
